# THIS IS AN AUTOGENERATED FILE. DO NOT EDIT THIS FILE DIRECTLY.
# yarn lockfile v1


"@types/insert-css@^2.0.0":
  version "2.0.1"
  resolved "https://registry.yarnpkg.com/@types/insert-css/-/insert-css-2.0.1.tgz#742574b45c0e90615e56bc83ac7976ee21a6b3fc"
  integrity sha512-slUriXg8Y0JvpQoZlQ96bzzi86AU0DvtstKmGtBWpzJilFnpMUDbREi28Gpa+ZaIrTTCQUfvpDS7z7F1uwlYjQ==

insert-css@^2.0.0:
  version "2.0.0"
  resolved "https://registry.yarnpkg.com/insert-css/-/insert-css-2.0.0.tgz#eb5d1097b7542f4c79ea3060d3aee07d053880f4"
  integrity sha512-xGq5ISgcUP5cvGkS2MMFLtPDBtrtQPSFfC6gA6U8wHKqfjTIMZLZNxOItQnoSjdOzlXOLU/yD32RKC4SvjNbtA==

simple-color-picker@^1.0.5:
  version "1.0.5"
  resolved "https://registry.yarnpkg.com/simple-color-picker/-/simple-color-picker-1.0.5.tgz#07c70638c8246273c3c18d8a4bd366f2f72e1fd2"
  integrity sha512-MUsSVfO/51zTrBA6nsmX5ABe/FXmhd6N+hie6EAWb6Ph4eydtQNRZ9hyb/HmLaG403YB/JAtpry70AaCd8AwBw==
  dependencies:
    "@types/insert-css" "^2.0.0"
    insert-css "^2.0.0"
